// !$*UTF8*$!
{
	archiveVersion = 1;
	classes = {
	};
	objectVersion = 56;
	objects = {

/* Begin PBXBuildFile section */
		7BCCB00B2BFB3193007D1134 /* SomePublicFramework.docc in Sources */ = {isa = PBXBuildFile; fileRef = 7BCCB00A2BFB3193007D1134 /* SomePublicFramework.docc */; };
		7BCCB0112BFB3193007D1134 /* SomePublicFramework.framework in Frameworks */ = {isa = PBXBuildFile; fileRef = 7BCCB0062BFB3193007D1134 /* SomePublicFramework.framework */; };
		7BCCB0162BFB3193007D1134 /* SomePublicFrameworkTests.swift in Sources */ = {isa = PBXBuildFile; fileRef = 7BCCB0152BFB3193007D1134 /* SomePublicFrameworkTests.swift */; };
		7BCCB0172BFB3193007D1134 /* SomePublicFramework.h in Headers */ = {isa = PBXBuildFile; fileRef = 7BCCB0092BFB3193007D1134 /* SomePublicFramework.h */; settings = {ATTRIBUTES = (Public, ); }; };
		7BCCB0212BFB31DB007D1134 /* SomeManager.swift in Sources */ = {isa = PBXBuildFile; fileRef = 7BCCB0202BFB31DB007D1134 /* SomeManager.swift */; };
/* End PBXBuildFile section */

/* Begin PBXContainerItemProxy section */
		7BCCB0122BFB3193007D1134 /* PBXContainerItemProxy */ = {
			isa = PBXContainerItemProxy;
			containerPortal = 7BCCAFFD2BFB3193007D1134 /* Project object */;
			proxyType = 1;
			remoteGlobalIDString = 7BCCB0052BFB3193007D1134;
			remoteInfo = SomePublicFramework;
		};
/* End PBXContainerItemProxy section */

/* Begin PBXFileReference section */
		7BCCB0062BFB3193007D1134 /* SomePublicFramework.framework */ = {isa = PBXFileReference; explicitFileType = wrapper.framework; includeInIndex = 0; path = SomePublicFramework.framework; sourceTree = BUILT_PRODUCTS_DIR; };
		7BCCB0092BFB3193007D1134 /* SomePublicFramework.h */ = {isa = PBXFileReference; lastKnownFileType = sourcecode.c.h; path = SomePublicFramework.h; sourceTree = "<group>"; };
		7BCCB00A2BFB3193007D1134 /* SomePublicFramework.docc */ = {isa = PBXFileReference; lastKnownFileType = folder.documentationcatalog; path = SomePublicFramework.docc; sourceTree = "<group>"; };
		7BCCB0102BFB3193007D1134 /* SomePublicFrameworkTests.xctest */ = {isa = PBXFileReference; explicitFileType = wrapper.cfbundle; includeInIndex = 0; path = SomePublicFrameworkTests.xctest; sourceTree = BUILT_PRODUCTS_DIR; };
		7BCCB0152BFB3193007D1134 /* SomePublicFrameworkTests.swift */ = {isa = PBXFileReference; lastKnownFileType = sourcecode.swift; path = SomePublicFrameworkTests.swift; sourceTree = "<group>"; };
		7BCCB0202BFB31DB007D1134 /* SomeManager.swift */ = {isa = PBXFileReference; lastKnownFileType = sourcecode.swift; path = SomeManager.swift; sourceTree = "<group>"; };
/* End PBXFileReference section */

/* Begin PBXFrameworksBuildPhase section */
		7BCCB0032BFB3193007D1134 /* Frameworks */ = {
			isa = PBXFrameworksBuildPhase;
			buildActionMask = 2147483647;
			files = (
			);
			runOnlyForDeploymentPostprocessing = 0;
		};
		7BCCB00D2BFB3193007D1134 /* Frameworks */ = {
			isa = PBXFrameworksBuildPhase;
			buildActionMask = 2147483647;
			files = (
				7BCCB0112BFB3193007D1134 /* SomePublicFramework.framework in Frameworks */,
			);
			runOnlyForDeploymentPostprocessing = 0;
		};
/* End PBXFrameworksBuildPhase section */

/* Begin PBXGroup section */
		7BCCAFFC2BFB3193007D1134 = {
			isa = PBXGroup;
			children = (
				7BCCB0082BFB3193007D1134 /* SomePublicFramework */,
				7BCCB0142BFB3193007D1134 /* SomePublicFrameworkTests */,
				7BCCB0072BFB3193007D1134 /* Products */,
			);
			sourceTree = "<group>";
		};
		7BCCB0072BFB3193007D1134 /* Products */ = {
			isa = PBXGroup;
			children = (
				7BCCB0062BFB3193007D1134 /* SomePublicFramework.framework */,
				7BCCB0102BFB3193007D1134 /* SomePublicFrameworkTests.xctest */,
			);
			name = Products;
			sourceTree = "<group>";
		};
		7BCCB0082BFB3193007D1134 /* SomePublicFramework */ = {
			isa = PBXGroup;
			children = (
				7BCCB0092BFB3193007D1134 /* SomePublicFramework.h */,
				7BCCB0202BFB31DB007D1134 /* SomeManager.swift */,
				7BCCB00A2BFB3193007D1134 /* SomePublicFramework.docc */,
			);
			path = SomePublicFramework;
			sourceTree = "<group>";
		};
		7BCCB0142BFB3193007D1134 /* SomePublicFrameworkTests */ = {
			isa = PBXGroup;
			children = (
				7BCCB0152BFB3193007D1134 /* SomePublicFrameworkTests.swift */,
			);
			path = SomePublicFrameworkTests;
			sourceTree = "<group>";
		};
/* End PBXGroup section */

/* Begin PBXHeadersBuildPhase section */
		7BCCB0012BFB3193007D1134 /* Headers */ = {
			isa = PBXHeadersBuildPhase;
			buildActionMask = 2147483647;
			files = (
				7BCCB0172BFB3193007D1134 /* SomePublicFramework.h in Headers */,
			);
			runOnlyForDeploymentPostprocessing = 0;
		};
/* End PBXHeadersBuildPhase section */

/* Begin PBXNativeTarget section */
		7BCCB0052BFB3193007D1134 /* SomePublicFramework */ = {
			isa = PBXNativeTarget;
			buildConfigurationList = 7BCCB01A2BFB3193007D1134 /* Build configuration list for PBXNativeTarget "SomePublicFramework" */;
			buildPhases = (
				7BCCB0012BFB3193007D1134 /* Headers */,
				7BCCB0022BFB3193007D1134 /* Sources */,
				7BCCB0032BFB3193007D1134 /* Frameworks */,
				7BCCB0042BFB3193007D1134 /* Resources */,
			);
			buildRules = (
			);
			dependencies = (
			);
			name = SomePublicFramework;
			productName = SomePublicFramework;
			productReference = 7BCCB0062BFB3193007D1134 /* SomePublicFramework.framework */;
			productType = "com.apple.product-type.framework";
		};
		7BCCB00F2BFB3193007D1134 /* SomePublicFrameworkTests */ = {
			isa = PBXNativeTarget;
			buildConfigurationList = 7BCCB01D2BFB3193007D1134 /* Build configuration list for PBXNativeTarget "SomePublicFrameworkTests" */;
			buildPhases = (
				7BCCB00C2BFB3193007D1134 /* Sources */,
				7BCCB00D2BFB3193007D1134 /* Frameworks */,
				7BCCB00E2BFB3193007D1134 /* Resources */,
			);
			buildRules = (
			);
			dependencies = (
				7BCCB0132BFB3193007D1134 /* PBXTargetDependency */,
			);
			name = SomePublicFrameworkTests;
			productName = SomePublicFrameworkTests;
			productReference = 7BCCB0102BFB3193007D1134 /* SomePublicFrameworkTests.xctest */;
			productType = "com.apple.product-type.bundle.unit-test";
		};
/* End PBXNativeTarget section */

/* Begin PBXProject section */
		7BCCAFFD2BFB3193007D1134 /* Project object */ = {
			isa = PBXProject;
			attributes = {
				BuildIndependentTargetsInParallel = 1;
				LastSwiftUpdateCheck = 1540;
				LastUpgradeCheck = 1540;
				TargetAttributes = {
					7BCCB0052BFB3193007D1134 = {
						CreatedOnToolsVersion = 15.4;
					};
					7BCCB00F2BFB3193007D1134 = {
						CreatedOnToolsVersion = 15.4;
					};
				};
			};
			buildConfigurationList = 7BCCB0002BFB3193007D1134 /* Build configuration list for PBXProject "SomePublicFramework" */;
			compatibilityVersion = "Xcode 14.0";
			developmentRegion = en;
			hasScannedForEncodings = 0;
			knownRegions = (
				en,
				Base,
			);
			mainGroup = 7BCCAFFC2BFB3193007D1134;
			productRefGroup = 7BCCB0072BFB3193007D1134 /* Products */;
			projectDirPath = "";
			projectRoot = "";
			targets = (
				7BCCB0052BFB3193007D1134 /* SomePublicFramework */,
				7BCCB00F2BFB3193007D1134 /* SomePublicFrameworkTests */,
			);
		};
/* End PBXProject section */

/* Begin PBXResourcesBuildPhase section */
		7BCCB0042BFB3193007D1134 /* Resources */ = {
			isa = PBXResourcesBuildPhase;
			buildActionMask = 2147483647;
			files = (
			);
			runOnlyForDeploymentPostprocessing = 0;
		};
		7BCCB00E2BFB3193007D1134 /* Resources */ = {
			isa = PBXResourcesBuildPhase;
			buildActionMask = 2147483647;
			files = (
			);
			runOnlyForDeploymentPostprocessing = 0;
		};
/* End PBXResourcesBuildPhase section */

/* Begin PBXSourcesBuildPhase section */
		7BCCB0022BFB3193007D1134 /* Sources */ = {
			isa = PBXSourcesBuildPhase;
			buildActionMask = 2147483647;
			files = (
				7BCCB00B2BFB3193007D1134 /* SomePublicFramework.docc in Sources */,
				7BCCB0212BFB31DB007D1134 /* SomeManager.swift in Sources */,
			);
			runOnlyForDeploymentPostprocessing = 0;
		};
		7BCCB00C2BFB3193007D1134 /* Sources */ = {
			isa = PBXSourcesBuildPhase;
			buildActionMask = 2147483647;
			files = (
				7BCCB0162BFB3193007D1134 /* SomePublicFrameworkTests.swift in Sources */,
			);
			runOnlyForDeploymentPostprocessing = 0;
		};
/* End PBXSourcesBuildPhase section */

/* Begin PBXTargetDependency section */
		7BCCB0132BFB3193007D1134 /* PBXTargetDependency */ = {
			isa = PBXTargetDependency;
			target = 7BCCB0052BFB3193007D1134 /* SomePublicFramework */;
			targetProxy = 7BCCB0122BFB3193007D1134 /* PBXContainerItemProxy */;
		};
/* End PBXTargetDependency section */

/* Begin XCBuildConfiguration section */
		7BCCB0182BFB3193007D1134 /* Debug */ = {
			isa = XCBuildConfiguration;
			buildSettings = {
				ALWAYS_SEARCH_USER_PATHS = NO;
				ASSETCATALOG_COMPILER_GENERATE_SWIFT_ASSET_SYMBOL_EXTENSIONS = YES;
				CLANG_ANALYZER_NONNULL = YES;
				CLANG_ANALYZER_NUMBER_OBJECT_CONVERSION = YES_AGGRESSIVE;
				CLANG_CXX_LANGUAGE_STANDARD = "gnu++20";
				CLANG_ENABLE_MODULES = YES;
				CLANG_ENABLE_OBJC_ARC = YES;
				CLANG_ENABLE_OBJC_WEAK = YES;
				CLANG_WARN_BLOCK_CAPTURE_AUTORELEASING = YES;
				CLANG_WARN_BOOL_CONVERSION = YES;
				CLANG_WARN_COMMA = YES;
				CLANG_WARN_CONSTANT_CONVERSION = YES;
				CLANG_WARN_DEPRECATED_OBJC_IMPLEMENTATIONS = YES;
				CLANG_WARN_DIRECT_OBJC_ISA_USAGE = YES_ERROR;
				CLANG_WARN_DOCUMENTATION_COMMENTS = YES;
				CLANG_WARN_EMPTY_BODY = YES;
				CLANG_WARN_ENUM_CONVERSION = YES;
				CLANG_WARN_INFINITE_RECURSION = YES;
				CLANG_WARN_INT_CONVERSION = YES;
				CLANG_WARN_NON_LITERAL_NULL_CONVERSION = YES;
				CLANG_WARN_OBJC_IMPLICIT_RETAIN_SELF = YES;
				CLANG_WARN_OBJC_LITERAL_CONVERSION = YES;
				CLANG_WARN_OBJC_ROOT_CLASS = YES_ERROR;
				CLANG_WARN_QUOTED_INCLUDE_IN_FRAMEWORK_HEADER = YES;
				CLANG_WARN_RANGE_LOOP_ANALYSIS = YES;
				CLANG_WARN_STRICT_PROTOTYPES = YES;
				CLANG_WARN_SUSPICIOUS_MOVE = YES;
				CLANG_WARN_UNGUARDED_AVAILABILITY = YES_AGGRESSIVE;
				CLANG_WARN_UNREACHABLE_CODE = YES;
				CLANG_WARN__DUPLICATE_METHOD_MATCH = YES;
				COPY_PHASE_STRIP = NO;
				CURRENT_PROJECT_VERSION = 1;
				DEBUG_INFORMATION_FORMAT = dwarf;
				ENABLE_STRICT_OBJC_MSGSEND = YES;
				ENABLE_TESTABILITY = YES;
				ENABLE_USER_SCRIPT_SANDBOXING = YES;
				GCC_C_LANGUAGE_STANDARD = gnu17;
				GCC_DYNAMIC_NO_PIC = NO;
				GCC_NO_COMMON_BLOCKS = YES;
				GCC_OPTIMIZATION_LEVEL = 0;
				GCC_PREPROCESSOR_DEFINITIONS = (
					"DEBUG=1",
					"$(inherited)",
				);
				GCC_WARN_64_TO_32_BIT_CONVERSION = YES;
				GCC_WARN_ABOUT_RETURN_TYPE = YES_ERROR;
				GCC_WARN_UNDECLARED_SELECTOR = YES;
				GCC_WARN_UNINITIALIZED_AUTOS = YES_AGGRESSIVE;
				GCC_WARN_UNUSED_FUNCTION = YES;
				GCC_WARN_UNUSED_VARIABLE = YES;
				LOCALIZATION_PREFERS_STRING_CATALOGS = YES;
				MACOSX_DEPLOYMENT_TARGET = 14.3;
				MTL_ENABLE_DEBUG_INFO = INCLUDE_SOURCE;
				MTL_FAST_MATH = YES;
				ONLY_ACTIVE_ARCH = YES;
				SDKROOT = macosx;
				SWIFT_ACTIVE_COMPILATION_CONDITIONS = "DEBUG $(inherited)";
				SWIFT_OPTIMIZATION_LEVEL = "-Onone";
				VERSIONING_SYSTEM = "apple-generic";
				VERSION_INFO_PREFIX = "";
			};
			name = Debug;
		};
		7BCCB0192BFB3193007D1134 /* Release */ = {
			isa = XCBuildConfiguration;
			buildSettings = {
				ALWAYS_SEARCH_USER_PATHS = NO;
				ASSETCATALOG_COMPILER_GENERATE_SWIFT_ASSET_SYMBOL_EXTENSIONS = YES;
				CLANG_ANALYZER_NONNULL = YES;
				CLANG_ANALYZER_NUMBER_OBJECT_CONVERSION = YES_AGGRESSIVE;
				CLANG_CXX_LANGUAGE_STANDARD = "gnu++20";
				CLANG_ENABLE_MODULES = YES;
				CLANG_ENABLE_OBJC_ARC = YES;
				CLANG_ENABLE_OBJC_WEAK = YES;
				CLANG_WARN_BLOCK_CAPTURE_AUTORELEASING = YES;
				CLANG_WARN_BOOL_CONVERSION = YES;
				CLANG_WARN_COMMA = YES;
				CLANG_WARN_CONSTANT_CONVERSION = YES;
				CLANG_WARN_DEPRECATED_OBJC_IMPLEMENTATIONS = YES;
				CLANG_WARN_DIRECT_OBJC_ISA_USAGE = YES_ERROR;
				CLANG_WARN_DOCUMENTATION_COMMENTS = YES;
				CLANG_WARN_EMPTY_BODY = YES;
				CLANG_WARN_ENUM_CONVERSION = YES;
				CLANG_WARN_INFINITE_RECURSION = YES;
				CLANG_WARN_INT_CONVERSION = YES;
				CLANG_WARN_NON_LITERAL_NULL_CONVERSION = YES;
				CLANG_WARN_OBJC_IMPLICIT_RETAIN_SELF = YES;
				CLANG_WARN_OBJC_LITERAL_CONVERSION = YES;
				CLANG_WARN_OBJC_ROOT_CLASS = YES_ERROR;
				CLANG_WARN_QUOTED_INCLUDE_IN_FRAMEWORK_HEADER = YES;
				CLANG_WARN_RANGE_LOOP_ANALYSIS = YES;
				CLANG_WARN_STRICT_PROTOTYPES = YES;
				CLANG_WARN_SUSPICIOUS_MOVE = YES;
				CLANG_WARN_UNGUARDED_AVAILABILITY = YES_AGGRESSIVE;
				CLANG_WARN_UNREACHABLE_CODE = YES;
				CLANG_WARN__DUPLICATE_METHOD_MATCH = YES;
				COPY_PHASE_STRIP = NO;
				CURRENT_PROJECT_VERSION = 1;
				DEBUG_INFORMATION_FORMAT = "dwarf-with-dsym";
				ENABLE_NS_ASSERTIONS = NO;
				ENABLE_STRICT_OBJC_MSGSEND = YES;
				ENABLE_USER_SCRIPT_SANDBOXING = YES;
				GCC_C_LANGUAGE_STANDARD = gnu17;
				GCC_NO_COMMON_BLOCKS = YES;
				GCC_WARN_64_TO_32_BIT_CONVERSION = YES;
				GCC_WARN_ABOUT_RETURN_TYPE = YES_ERROR;
				GCC_WARN_UNDECLARED_SELECTOR = YES;
				GCC_WARN_UNINITIALIZED_AUTOS = YES_AGGRESSIVE;
				GCC_WARN_UNUSED_FUNCTION = YES;
				GCC_WARN_UNUSED_VARIABLE = YES;
				LOCALIZATION_PREFERS_STRING_CATALOGS = YES;
				MACOSX_DEPLOYMENT_TARGET = 14.3;
				MTL_ENABLE_DEBUG_INFO = NO;
				MTL_FAST_MATH = YES;
				SDKROOT = macosx;
				SWIFT_COMPILATION_MODE = wholemodule;
				VERSIONING_SYSTEM = "apple-generic";
				VERSION_INFO_PREFIX = "";
			};
			name = Release;
		};
		7BCCB01B2BFB3193007D1134 /* Debug */ = {
			isa = XCBuildConfiguration;
			buildSettings = {
				BUILD_LIBRARY_FOR_DISTRIBUTION = YES;
				CODE_SIGN_STYLE = Automatic;
				COMBINE_HIDPI_IMAGES = YES;
				CURRENT_PROJECT_VERSION = 1;
				DEFINES_MODULE = YES;
				DYLIB_COMPATIBILITY_VERSION = 1;
				DYLIB_CURRENT_VERSION = 1;
				DYLIB_INSTALL_NAME_BASE = "@rpath";
				ENABLE_MODULE_VERIFIER = YES;
				GENERATE_INFOPLIST_FILE = YES;
				INFOPLIST_KEY_NSHumanReadableCopyright = "";
				INSTALL_PATH = "$(LOCAL_LIBRARY_DIR)/Frameworks";
				LD_RUNPATH_SEARCH_PATHS = (
					"$(inherited)",
					"@executable_path/../Frameworks",
					"@loader_path/Frameworks",
				);
				MARKETING_VERSION = 1.0;
				MODULE_VERIFIER_SUPPORTED_LANGUAGES = "objective-c objective-c++";
				MODULE_VERIFIER_SUPPORTED_LANGUAGE_STANDARDS = "gnu17 gnu++20";
				PRODUCT_BUNDLE_IDENTIFIER = com.cool8jay.SomePublicFramework;
				PRODUCT_NAME = "$(TARGET_NAME:c99extidentifier)";
				SKIP_INSTALL = YES;
				SWIFT_EMIT_LOC_STRINGS = YES;
				SWIFT_INSTALL_OBJC_HEADER = NO;
				SWIFT_VERSION = 5.0;
			};
			name = Debug;
		};
		7BCCB01C2BFB3193007D1134 /* Release */ = {
			isa = XCBuildConfiguration;
			buildSettings = {
				BUILD_LIBRARY_FOR_DISTRIBUTION = YES;
				CODE_SIGN_STYLE = Automatic;
				COMBINE_HIDPI_IMAGES = YES;
				CURRENT_PROJECT_VERSION = 1;
				DEFINES_MODULE = YES;
				DYLIB_COMPATIBILITY_VERSION = 1;
				DYLIB_CURRENT_VERSION = 1;
				DYLIB_INSTALL_NAME_BASE = "@rpath";
				ENABLE_MODULE_VERIFIER = YES;
				GENERATE_INFOPLIST_FILE = YES;
				INFOPLIST_KEY_NSHumanReadableCopyright = "";
				INSTALL_PATH = "$(LOCAL_LIBRARY_DIR)/Frameworks";
				LD_RUNPATH_SEARCH_PATHS = (
					"$(inherited)",
					"@executable_path/../Frameworks",
					"@loader_path/Frameworks",
				);
				MARKETING_VERSION = 1.0;
				MODULE_VERIFIER_SUPPORTED_LANGUAGES = "objective-c objective-c++";
				MODULE_VERIFIER_SUPPORTED_LANGUAGE_STANDARDS = "gnu17 gnu++20";
				PRODUCT_BUNDLE_IDENTIFIER = com.cool8jay.SomePublicFramework;
				PRODUCT_NAME = "$(TARGET_NAME:c99extidentifier)";
				SKIP_INSTALL = YES;
				SWIFT_EMIT_LOC_STRINGS = YES;
				SWIFT_INSTALL_OBJC_HEADER = NO;
				SWIFT_VERSION = 5.0;
			};
			name = Release;
		};
		7BCCB01E2BFB3193007D1134 /* Debug */ = {
			isa = XCBuildConfiguration;
			buildSettings = {
				ALWAYS_EMBED_SWIFT_STANDARD_LIBRARIES = YES;
				CODE_SIGN_STYLE = Automatic;
				CURRENT_PROJECT_VERSION = 1;
				GENERATE_INFOPLIST_FILE = YES;
				MARKETING_VERSION = 1.0;
				PRODUCT_BUNDLE_IDENTIFIER = com.cool8jay.SomePublicFrameworkTests;
				PRODUCT_NAME = "$(TARGET_NAME)";
				SWIFT_EMIT_LOC_STRINGS = NO;
				SWIFT_VERSION = 5.0;
			};
			name = Debug;
		};
		7BCCB01F2BFB3193007D1134 /* Release */ = {
			isa = XCBuildConfiguration;
			buildSettings = {
				ALWAYS_EMBED_SWIFT_STANDARD_LIBRARIES = YES;
				CODE_SIGN_STYLE = Automatic;
				CURRENT_PROJECT_VERSION = 1;
				GENERATE_INFOPLIST_FILE = YES;
				MARKETING_VERSION = 1.0;
				PRODUCT_BUNDLE_IDENTIFIER = com.cool8jay.SomePublicFrameworkTests;
				PRODUCT_NAME = "$(TARGET_NAME)";
				SWIFT_EMIT_LOC_STRINGS = NO;
				SWIFT_VERSION = 5.0;
			};
			name = Release;
		};
/* End XCBuildConfiguration section */

/* Begin XCConfigurationList section */
		7BCCB0002BFB3193007D1134 /* Build configuration list for PBXProject "SomePublicFramework" */ = {
			isa = XCConfigurationList;
			buildConfigurations = (
				7BCCB0182BFB3193007D1134 /* Debug */,
				7BCCB0192BFB3193007D1134 /* Release */,
			);
			defaultConfigurationIsVisible = 0;
			defaultConfigurationName = Release;
		};
		7BCCB01A2BFB3193007D1134 /* Build configuration list for PBXNativeTarget "SomePublicFramework" */ = {
			isa = XCConfigurationList;
			buildConfigurations = (
				7BCCB01B2BFB3193007D1134 /* Debug */,
				7BCCB01C2BFB3193007D1134 /* Release */,
			);
			defaultConfigurationIsVisible = 0;
			defaultConfigurationName = Release;
		};
		7BCCB01D2BFB3193007D1134 /* Build configuration list for PBXNativeTarget "SomePublicFrameworkTests" */ = {
			isa = XCConfigurationList;
			buildConfigurations = (
				7BCCB01E2BFB3193007D1134 /* Debug */,
				7BCCB01F2BFB3193007D1134 /* Release */,
			);
			defaultConfigurationIsVisible = 0;
			defaultConfigurationName = Release;
		};
/* End XCConfigurationList section */
	};
	rootObject = 7BCCAFFD2BFB3193007D1134 /* Project object */;
}
